<?xml version="1.0" encoding="utf-8"?>
<Project ToolsVersion="4.0" xmlns="http://schemas.microsoft.com/developer/msbuild/2003">
  <ItemGroup>
    <Filter Include="src">
      <UniqueIdentifier>{2ac0d760-fc4b-4baf-bbd5-6659b9d7099c}</UniqueIdentifier>
    </Filter>
    <Filter Include="headers">
      <UniqueIdentifier>{dee34abb-055f-4457-ab45-0ea320b70640}</UniqueIdentifier>
    </Filter>
  </ItemGroup>
  <ItemGroup>
    <ClCompile Include="..\src\hptlink.c">
      <Filter>src</Filter>
    </ClCompile>
  </ItemGroup>
</Project>